github.com/sashabaranov/go-openai v1.41.2 h1:vfPRBZNMpnqu8ELsclWcAvF19lDNgh1t6TVfFFOPiSM=
github.com/sashabaranov/go-openai v1.41.2/go.mod h1:lj5b/K+zjTSFxVLijLSTDZuP7adOgerWeFyZLUhAKRg=
golang.org/x/net v0.44.0 h1:evd8IRDyfNBMBTTY5XRF1vaZlD+EmWx6x8PkhR04H/I=
golang.org/x/net v0.44.0/go.mod h1:ECOoLqd5U3Lhyeyo/QDCEVQ4sNgYsqvCZ722XogGieY=
