github.com/sashabaranov/go-openai v1.43.0 h1:HNRpO8TAQ01ssO7aPXO/68QRlcCCYQQ5GfHbFceRZcY=
github.com/sashabaranov/go-openai v1.43.0/go.mod h1:lj5b/K+zjTSFxVLijLSTDZuP7adOgerWeFyZLUhAKRg=
golang.org/x/net v0.59.0 h1:5zfYln+w5XCxwrnMMJPufRgNoXEaGxl0wo5GqPXyues=
golang.org/x/net v0.59.0/go.mod h1:2DA/G1UfVbCpQPeWTmMPGY7Cs2PkBkwu743bVX5PIVg=
